// !$*UTF8*$!
{
	archiveVersion = 1;
	classes = {
	};
	objectVersion = 50;
	objects = {

/* Begin PBXBuildFile section */
		CC862C3922DE3AA7007238AD /* AppDelegate.swift in Sources */ = {isa = PBXBuildFile; fileRef = CC862C3822DE3AA7007238AD /* AppDelegate.swift */; };
		CC862C3B22DE3AA7007238AD /* ViewController.swift in Sources */ = {isa = PBXBuildFile; fileRef = CC862C3A22DE3AA7007238AD /* ViewController.swift */; };
		CC862C3E22DE3AA7007238AD /* Main.storyboard in Resources */ = {isa = PBXBuildFile; fileRef = CC862C3C22DE3AA7007238AD /* Main.storyboard */; };
		CC862C4122DE3AA7007238AD /* GitHub_Tester.xcdatamodeld in Sources */ = {isa = PBXBuildFile; fileRef = CC862C3F22DE3AA7007238AD /* GitHub_Tester.xcdatamodeld */; };
		CC862C4322DE3AB7007238AD /* Assets.xcassets in Resources */ = {isa = PBXBuildFile; fileRef = CC862C4222DE3AB7007238AD /* Assets.xcassets */; };
		CC862C4622DE3AB7007238AD /* LaunchScreen.storyboard in Resources */ = {isa = PBXBuildFile; fileRef = CC862C4422DE3AB7007238AD /* LaunchScreen.storyboard */; };
/* End PBXBuildFile section */

/* Begin PBXFileReference section */
		CC862C3522DE3AA7007238AD /* GitHub Tester.app */ = {isa = PBXFileReference; explicitFileType = wrapper.application; includeInIndex = 0; path = "GitHub Tester.app"; sourceTree = BUILT_PRODUCTS_DIR; };
		CC862C3822DE3AA7007238AD /* AppDelegate.swift */ = {isa = PBXFileReference; lastKnownFileType = sourcecode.swift; path = AppDelegate.swift; sourceTree = "<group>"; };
		CC862C3A22DE3AA7007238AD /* ViewController.swift */ = {isa = PBXFileReference; lastKnownFileType = sourcecode.swift; path = ViewController.swift; sourceTree = "<group>"; };
		CC862C3D22DE3AA7007238AD /* Base */ = {isa = PBXFileReference; lastKnownFileType = file.storyboard; name = Base; path = Base.lproj/Main.storyboard; sourceTree = "<group>"; };
		CC862C4022DE3AA7007238AD /* GitHub_Tester.xcdatamodel */ = {isa = PBXFileReference; lastKnownFileType = wrapper.xcdatamodel; path = GitHub_Tester.xcdatamodel; sourceTree = "<group>"; };
		CC862C4222DE3AB7007238AD /* Assets.xcassets */ = {isa = PBXFileReference; lastKnownFileType = folder.assetcatalog; path = Assets.xcassets; sourceTree = "<group>"; };
		CC862C4522DE3AB7007238AD /* Base */ = {isa = PBXFileReference; lastKnownFileType = file.storyboard; name = Base; path = Base.lproj/LaunchScreen.storyboard; sourceTree = "<group>"; };
		CC862C4722DE3AB7007238AD /* Info.plist */ = {isa = PBXFileReference; lastKnownFileType = text.plist.xml; path = Info.plist; sourceTree = "<group>"; };
/* End PBXFileReference section */

/* Begin PBXFrameworksBuildPhase section */
		CC862C3222DE3AA7007238AD /* Frameworks */ = {
			isa = PBXFrameworksBuildPhase;
			buildActionMask = 2147483647;
			files = (
			);
			runOnlyForDeploymentPostprocessing = 0;
		};
/* End PBXFrameworksBuildPhase section */

/* Begin PBXGroup section */
		CC862C2C22DE3AA7007238AD = {
			isa = PBXGroup;
			children = (
				CC862C3722DE3AA7007238AD /* GitHub Tester */,
				CC862C3622DE3AA7007238AD /* Products */,
			);
			sourceTree = "<group>";
		};
		CC862C3622DE3AA7007238AD /* Products */ = {
			isa = PBXGroup;
			children = (
				CC862C3522DE3AA7007238AD /* GitHub Tester.app */,
			);
			name = Products;
			sourceTree = "<group>";
		};
		CC862C3722DE3AA7007238AD /* GitHub Tester */ = {
			isa = PBXGroup;
			children = (
				CC862C3822DE3AA7007238AD /* AppDelegate.swift */,
				CC862C3A22DE3AA7007238AD /* ViewController.swift */,
				CC862C3C22DE3AA7007238AD /* Main.storyboard */,
				CC862C4222DE3AB7007238AD /* Assets.xcassets */,
				CC862C4422DE3AB7007238AD /* LaunchScreen.storyboard */,
				CC862C4722DE3AB7007238AD /* Info.plist */,
				CC862C3F22DE3AA7007238AD /* GitHub_Tester.xcdatamodeld */,
			);
			path = "GitHub Tester";
			sourceTree = "<group>";
		};
/* End PBXGroup section */

/* Begin PBXNativeTarget section */
		CC862C3422DE3AA7007238AD /* GitHub Tester */ = {
			isa = PBXNativeTarget;
			buildConfigurationList = CC862C4A22DE3AB7007238AD /* Build configuration list for PBXNativeTarget "GitHub Tester" */;
			buildPhases = (
				CC862C3122DE3AA7007238AD /* Sources */,
				CC862C3222DE3AA7007238AD /* Frameworks */,
				CC862C3322DE3AA7007238AD /* Resources */,
			);
			buildRules = (
			);
			dependencies = (
			);
			name = "GitHub Tester";
			productName = "GitHub Tester";
			productReference = CC862C3522DE3AA7007238AD /* GitHub Tester.app */;
			productType = "com.apple.product-type.application";
		};
/* End PBXNativeTarget section */

/* Begin PBXProject section */
		CC862C2D22DE3AA7007238AD /* Project object */ = {
			isa = PBXProject;
			attributes = {
				LastSwiftUpdateCheck = 1010;
				LastUpgradeCheck = 1010;
				ORGANIZATIONNAME = "Girls Who Code";
				TargetAttributes = {
					CC862C3422DE3AA7007238AD = {
						CreatedOnToolsVersion = 10.1;
					};
				};
			};
			buildConfigurationList = CC862C3022DE3AA7007238AD /* Build configuration list for PBXProject "GitHub Tester" */;
			compatibilityVersion = "Xcode 9.3";
			developmentRegion = en;
			hasScannedForEncodings = 0;
			knownRegions = (
				en,
				Base,
			);
			mainGroup = CC862C2C22DE3AA7007238AD;
			productRefGroup = CC862C3622DE3AA7007238AD /* Products */;
			projectDirPath = "";
			projectRoot = "";
			targets = (
				CC862C3422DE3AA7007238AD /* GitHub Tester */,
			);
		};
/* End PBXProject section */

/* Begin PBXResourcesBuildPhase section */
		CC862C3322DE3AA7007238AD /* Resources */ = {
			isa = PBXResourcesBuildPhase;
			buildActionMask = 2147483647;
			files = (
				CC862C4622DE3AB7007238AD /* LaunchScreen.storyboard in Resources */,
				CC862C4322DE3AB7007238AD /* Assets.xcassets in Resources */,
				CC862C3E22DE3AA7007238AD /* Main.storyboard in Resources */,
			);
			runOnlyForDeploymentPostprocessing = 0;
		};
/* End PBXResourcesBuildPhase section */

/* Begin PBXSourcesBuildPhase section */
		CC862C3122DE3AA7007238AD /* Sources */ = {
			isa = PBXSourcesBuildPhase;
			buildActionMask = 2147483647;
			files = (
				CC862C4122DE3AA7007238AD /* GitHub_Tester.xcdatamodeld in Sources */,
				CC862C3B22DE3AA7007238AD /* ViewController.swift in Sources */,
				CC862C3922DE3AA7007238AD /* AppDelegate.swift in Sources */,
			);
			runOnlyForDeploymentPostprocessing = 0;
		};
/* End PBXSourcesBuildPhase section */

/* Begin PBXVariantGroup section */
		CC862C3C22DE3AA7007238AD /* Main.storyboard */ = {
			isa = PBXVariantGroup;
			children = (
				CC862C3D22DE3AA7007238AD /* Base */,
			);
			name = Main.storyboard;
			sourceTree = "<group>";
		};
		CC862C4422DE3AB7007238AD /* LaunchScreen.storyboard */ = {
			isa = PBXVariantGroup;
			children = (
				CC862C4522DE3AB7007238AD /* Base */,
			);
			name = LaunchScreen.storyboard;
			sourceTree = "<group>";
		};
/* End PBXVariantGroup section */

/* Begin XCBuildConfiguration section */
		CC862C4822DE3AB7007238AD /* Debug */ = {
			isa = XCBuildConfiguration;
			buildSettings = {
				ALWAYS_SEARCH_USER_PATHS = NO;
				CLANG_ANALYZER_NONNULL = YES;
				CLANG_ANALYZER_NUMBER_OBJECT_CONVERSION = YES_AGGRESSIVE;
				CLANG_CXX_LANGUAGE_STANDARD = "gnu++14";
				CLANG_CXX_LIBRARY = "libc++";
				CLANG_ENABLE_MODULES = YES;
				CLANG_ENABLE_OBJC_ARC = YES;
				CLANG_ENABLE_OBJC_WEAK = YES;
				CLANG_WARN_BLOCK_CAPTURE_AUTORELEASING = YES;
				CLANG_WARN_BOOL_CONVERSION = YES;
				CLANG_WARN_COMMA = YES;
				CLANG_WARN_CONSTANT_CONVERSION = YES;
				CLANG_WARN_DEPRECATED_OBJC_IMPLEMENTATIONS = YES;
				CLANG_WARN_DIRECT_OBJC_ISA_USAGE = YES_ERROR;
				CLANG_WARN_DOCUMENTATION_COMMENTS = YES;
				CLANG_WARN_EMPTY_BODY = YES;
				CLANG_WARN_ENUM_CONVERSION = YES;
				CLANG_WARN_INFINITE_RECURSION = YES;
				CLANG_WARN_INT_CONVERSION = YES;
				CLANG_WARN_NON_LITERAL_NULL_CONVERSION = YES;
				CLANG_WARN_OBJC_IMPLICIT_RETAIN_SELF = YES;
				CLANG_WARN_OBJC_LITERAL_CONVERSION = YES;
				CLANG_WARN_OBJC_ROOT_CLASS = YES_ERROR;
				CLANG_WARN_RANGE_LOOP_ANALYSIS = YES;
				CLANG_WARN_STRICT_PROTOTYPES = YES;
				CLANG_WARN_SUSPICIOUS_MOVE = YES;
				CLANG_WARN_UNGUARDED_AVAILABILITY = YES_AGGRESSIVE;
				CLANG_WARN_UNREACHABLE_CODE = YES;
				CLANG_WARN__DUPLICATE_METHOD_MATCH = YES;
				CODE_SIGN_IDENTITY = "iPhone Developer";
				COPY_PHASE_STRIP = NO;
				DEBUG_INFORMATION_FORMAT = dwarf;
				ENABLE_STRICT_OBJC_MSGSEND = YES;
				ENABLE_TESTABILITY = YES;
				GCC_C_LANGUAGE_STANDARD = gnu11;
				GCC_DYNAMIC_NO_PIC = NO;
				GCC_NO_COMMON_BLOCKS = YES;
				GCC_OPTIMIZATION_LEVEL = 0;
				GCC_PREPROCESSOR_DEFINITIONS = (
					"DEBUG=1",
					"$(inherited)",
				);
				GCC_WARN_64_TO_32_BIT_CONVERSION = YES;
				GCC_WARN_ABOUT_RETURN_TYPE = YES_ERROR;
				GCC_WARN_UNDECLARED_SELECTOR = YES;
				GCC_WARN_UNINITIALIZED_AUTOS = YES_AGGRESSIVE;
				GCC_WARN_UNUSED_FUNCTION = YES;
				GCC_WARN_UNUSED_VARIABLE = YES;
				IPHONEOS_DEPLOYMENT_TARGET = 12.1;
				MTL_ENABLE_DEBUG_INFO = INCLUDE_SOURCE;
				MTL_FAST_MATH = YES;
				ONLY_ACTIVE_ARCH = YES;
				SDKROOT = iphoneos;
				SWIFT_ACTIVE_COMPILATION_CONDITIONS = DEBUG;
				SWIFT_OPTIMIZATION_LEVEL = "-Onone";
			};
			name = Debug;
		};
		CC862C4922DE3AB7007238AD /* Release */ = {
			isa = XCBuildConfiguration;
			buildSettings = {
				ALWAYS_SEARCH_USER_PATHS = NO;
				CLANG_ANALYZER_NONNULL = YES;
				CLANG_ANALYZER_NUMBER_OBJECT_CONVERSION = YES_AGGRESSIVE;
				CLANG_CXX_LANGUAGE_STANDARD = "gnu++14";
				CLANG_CXX_LIBRARY = "libc++";
				CLANG_ENABLE_MODULES = YES;
				CLANG_ENABLE_OBJC_ARC = YES;
				CLANG_ENABLE_OBJC_WEAK = YES;
				CLANG_WARN_BLOCK_CAPTURE_AUTORELEASING = YES;
				CLANG_WARN_BOOL_CONVERSION = YES;
				CLANG_WARN_COMMA = YES;
				CLANG_WARN_CONSTANT_CONVERSION = YES;
				CLANG_WARN_DEPRECATED_OBJC_IMPLEMENTATIONS = YES;
				CLANG_WARN_DIRECT_OBJC_ISA_USAGE = YES_ERROR;
				CLANG_WARN_DOCUMENTATION_COMMENTS = YES;
				CLANG_WARN_EMPTY_BODY = YES;
				CLANG_WARN_ENUM_CONVERSION = YES;
				CLANG_WARN_INFINITE_RECURSION = YES;
				CLANG_WARN_INT_CONVERSION = YES;
				CLANG_WARN_NON_LITERAL_NULL_CONVERSION = YES;
				CLANG_WARN_OBJC_IMPLICIT_RETAIN_SELF = YES;
				CLANG_WARN_OBJC_LITERAL_CONVERSION = YES;
				CLANG_WARN_OBJC_ROOT_CLASS = YES_ERROR;
				CLANG_WARN_RANGE_LOOP_ANALYSIS = YES;
				CLANG_WARN_STRICT_PROTOTYPES = YES;
				CLANG_WARN_SUSPICIOUS_MOVE = YES;
				CLANG_WARN_UNGUARDED_AVAILABILITY = YES_AGGRESSIVE;
				CLANG_WARN_UNREACHABLE_CODE = YES;
				CLANG_WARN__DUPLICATE_METHOD_MATCH = YES;
				CODE_SIGN_IDENTITY = "iPhone Developer";
				COPY_PHASE_STRIP = NO;
				DEBUG_INFORMATION_FORMAT = "dwarf-with-dsym";
				ENABLE_NS_ASSERTIONS = NO;
				ENABLE_STRICT_OBJC_MSGSEND = YES;
				GCC_C_LANGUAGE_STANDARD = gnu11;
				GCC_NO_COMMON_BLOCKS = YES;
				GCC_WARN_64_TO_32_BIT_CONVERSION = YES;
				GCC_WARN_ABOUT_RETURN_TYPE = YES_ERROR;
				GCC_WARN_UNDECLARED_SELECTOR = YES;
				GCC_WARN_UNINITIALIZED_AUTOS = YES_AGGRESSIVE;
				GCC_WARN_UNUSED_FUNCTION = YES;
				GCC_WARN_UNUSED_VARIABLE = YES;
				IPHONEOS_DEPLOYMENT_TARGET = 12.1;
				MTL_ENABLE_DEBUG_INFO = NO;
				MTL_FAST_MATH = YES;
				SDKROOT = iphoneos;
				SWIFT_COMPILATION_MODE = wholemodule;
				SWIFT_OPTIMIZATION_LEVEL = "-O";
				VALIDATE_PRODUCT = YES;
			};
			name = Release;
		};
		CC862C4B22DE3AB7007238AD /* Debug */ = {
			isa = XCBuildConfiguration;
			buildSettings = {
				ASSETCATALOG_COMPILER_APPICON_NAME = AppIcon;
				CODE_SIGN_STYLE = Automatic;
				DEVELOPMENT_TEAM = 863C5AT7QX;
				INFOPLIST_FILE = "GitHub Tester/Info.plist";
				LD_RUNPATH_SEARCH_PATHS = (
					"$(inherited)",
					"@executable_path/Frameworks",
				);
				PRODUCT_BUNDLE_IDENTIFIER = "com.Emily.Hello-World";
				PRODUCT_NAME = "$(TARGET_NAME)";
				SWIFT_VERSION = 4.2;
				TARGETED_DEVICE_FAMILY = "1,2";
			};
			name = Debug;
		};
		CC862C4C22DE3AB7007238AD /* Release */ = {
			isa = XCBuildConfiguration;
			buildSettings = {
				ASSETCATALOG_COMPILER_APPICON_NAME = AppIcon;
				CODE_SIGN_STYLE = Automatic;
				DEVELOPMENT_TEAM = 863C5AT7QX;
				INFOPLIST_FILE = "GitHub Tester/Info.plist";
				LD_RUNPATH_SEARCH_PATHS = (
					"$(inherited)",
					"@executable_path/Frameworks",
				);
				PRODUCT_BUNDLE_IDENTIFIER = "com.Emily.Hello-World";
				PRODUCT_NAME = "$(TARGET_NAME)";
				SWIFT_VERSION = 4.2;
				TARGETED_DEVICE_FAMILY = "1,2";
			};
			name = Release;
		};
/* End XCBuildConfiguration section */

/* Begin XCConfigurationList section */
		CC862C3022DE3AA7007238AD /* Build configuration list for PBXProject "GitHub Tester" */ = {
			isa = XCConfigurationList;
			buildConfigurations = (
				CC862C4822DE3AB7007238AD /* Debug */,
				CC862C4922DE3AB7007238AD /* Release */,
			);
			defaultConfigurationIsVisible = 0;
			defaultConfigurationName = Release;
		};
		CC862C4A22DE3AB7007238AD /* Build configuration list for PBXNativeTarget "GitHub Tester" */ = {
			isa = XCConfigurationList;
			buildConfigurations = (
				CC862C4B22DE3AB7007238AD /* Debug */,
				CC862C4C22DE3AB7007238AD /* Release */,
			);
			defaultConfigurationIsVisible = 0;
			defaultConfigurationName = Release;
		};
/* End XCConfigurationList section */

/* Begin XCVersionGroup section */
		CC862C3F22DE3AA7007238AD /* GitHub_Tester.xcdatamodeld */ = {
			isa = XCVersionGroup;
			children = (
				CC862C4022DE3AA7007238AD /* GitHub_Tester.xcdatamodel */,
			);
			currentVersion = CC862C4022DE3AA7007238AD /* GitHub_Tester.xcdatamodel */;
			path = GitHub_Tester.xcdatamodeld;
			sourceTree = "<group>";
			versionGroupType = wrapper.xcdatamodel;
		};
/* End XCVersionGroup section */
	};
	rootObject = CC862C2D22DE3AA7007238AD /* Project object */;
}
